#MicroXplorer Configuration settings - do not modify
Mcu.Family=STM32L0
ProjectManager.MainLocation=Src
FREERTOS.Queues01=QueueCore,16,DATA_QUEUE,0,Static,QueueCoreBuffer,QueueCoreControlBlock;QueueRF,16,DATA_QUEUE,0,Static,QueueRFBuffer,QueueRFControlBlock
PB13.GPIOParameters=GPIO_Label
PA6.Mode=Full_Duplex_Master
RCC.USART1Freq_Value=4194000
VP_TIM6_VS_OPM.Mode=OPM_bit
ProjectManager.KeepUserCode=true
Mcu.UserName=STM32L071CBTx
SPI1.VirtualType=VM_MASTER
USART1.BaudRate=9600
RCC.PLLCLKFreq_Value=24000000
PB14.GPIO_Label=AUX_7
PB6.GPIO_ModeDefaultEXTI=GPIO_MODE_IT_FALLING
PA12.GPIOParameters=GPIO_Label
ProjectManager.functionlistsort=1-MX_GPIO_Init-GPIO-false-HAL-true,2-MX_DMA_Init-DMA-false-HAL-true,3-SystemClock_Config-RCC-false-HAL-false,4-MX_USART1_UART_Init-USART1-false-HAL-true,5-MX_SPI1_Init-SPI1-false-HAL-true,6-MX_TIM6_Init-TIM6-false-HAL-true
RCC.RTCFreq_Value=37000
PA3.GPIOParameters=GPIO_Label
PA6.GPIO_Label=SX1262_MISO
PB6.GPIO_Label=AUX_6
RCC.USART2Freq_Value=4194000
NVIC.SVC_IRQn=true\:0\:0\:false\:false\:false\:false\:false\:false
USART1.IPParameters=VirtualMode-Asynchronous,BaudRate
PB13.GPIO_Label=AUX_8
PB7.GPIO_ModeDefaultEXTI=GPIO_MODE_IT_FALLING
PB11.Signal=GPIO_Output
PB13.Signal=GPIO_Output
PB15.Signal=GPIO_Output
PA2.GPIOParameters=GPIO_Label
PinOutPanel.RotationAngle=0
ProjectManager.StackSize=0x400
PB5.GPIOParameters=GPIO_Label
SH.GPXTI2.0=GPIO_EXTI2
RCC.I2C3Freq_Value=4194000
Mcu.IP4=SPI1
PB2.GPIO_ModeDefaultEXTI=GPIO_MODE_IT_RISING
SH.GPXTI7.ConfNb=1
RCC.FCLKCortexFreq_Value=4194000
Mcu.IP5=SYS
Mcu.IP2=NVIC
Mcu.IP3=RCC
PB4.GPIOParameters=GPIO_Label
Mcu.IP0=DMA
PA12.Locked=true
Dma.USART1_TX.0.Priority=DMA_PRIORITY_LOW
Mcu.IP1=FREERTOS
PA12.Signal=GPIO_Output
Mcu.UserConstants=
Dma.USART1_TX.0.Direction=DMA_MEMORY_TO_PERIPH
Mcu.ThirdPartyNb=0
SPI1.Direction=SPI_DIRECTION_2LINES
RCC.HCLKFreq_Value=4194000
Mcu.IPNb=8
ProjectManager.PreviousToolchain=TrueSTUDIO
RCC.APB2TimFreq_Value=4194000
PB6.Signal=GPXTI6
SPI1.CalculateBaudRate=2.097 MBits/s
PA8.GPIOParameters=GPIO_Label
Mcu.Pin6=PB1
Mcu.Pin7=PB2
Mcu.Pin8=PB10
Mcu.Pin9=PB11
Dma.USART1_RX.1.MemInc=DMA_MINC_ENABLE
FREERTOS.IPParameters=Tasks01,FootprintOK,MEMORY_ALLOCATION,Queues01,configUSE_TIMERS,configTIMER_TASK_PRIORITY,configMINIMAL_STACK_SIZE,Timers01
FREERTOS.configMINIMAL_STACK_SIZE=250
RCC.AHBFreq_Value=4194000
PB13.Locked=true
Mcu.Pin0=PA2
Mcu.Pin1=PA3
GPIO.groupedBy=Group By Peripherals
Mcu.Pin2=PA4
Mcu.Pin3=PA5
Mcu.Pin4=PA6
Mcu.Pin5=PA7
ProjectManager.ProjectBuild=false
RCC.HSE_VALUE=8000000
Dma.USART1_RX.1.PeriphDataAlignment=DMA_PDATAALIGN_BYTE
FREERTOS.configUSE_TIMERS=1
PB2.Signal=GPXTI2
PA8.Locked=true
PA4.Locked=true
NVIC.SysTick_IRQn=true\:3\:0\:false\:false\:true\:true\:false\:true
SH.GPXTI7.0=GPIO_EXTI7
ProjectManager.FirmwarePackage=STM32Cube FW_L0 V1.11.3
MxDb.Version=DB.6.0.0
ProjectManager.BackupPrevious=false
PA14.Mode=Serial_Wire
PB1.GPIO_Label=SX1262_RESET
File.Version=6
PB3.GPIOParameters=GPIO_Label
PB7.Signal=GPXTI7
PA8.Signal=GPIO_Output
PB6.Locked=true
NVIC.PendSV_IRQn=true\:3\:0\:false\:false\:false\:true\:false\:false
TIM6.Period=250
VP_FREERTOS_VS_CMSIS_V1.Mode=CMSIS_V1
Dma.USART1_TX.0.PeriphDataAlignment=DMA_PDATAALIGN_BYTE
Dma.RequestsNb=2
PB6.GPIOParameters=GPIO_PuPd,GPIO_Label,GPIO_ModeDefaultEXTI
FREERTOS.configTIMER_TASK_PRIORITY=5
ProjectManager.HalAssertFull=false
ProjectManager.ProjectName=LoRa USB Stick
Dma.USART1_RX.1.Mode=DMA_CIRCULAR
PB7.GPIO_Label=AUX_5
Mcu.Package=LQFP48
PB9.Signal=GPIO_Output
PA6.Signal=SPI1_MISO
PB1.Signal=GPIO_Output
PA7.Locked=true
PA5.Locked=true
ProjectManager.ToolChainLocation=
PA2.GPIO_Label=AUX_8
RCC.LSI_VALUE=37000
VP_SYS_VS_Systick.Signal=SYS_VS_Systick
PA10.Signal=USART1_RX
FREERTOS.FootprintOK=true
Dma.USART1_TX.0.Instance=DMA1_Channel2
PA5.GPIOParameters=GPIO_Label
PB14.GPIOParameters=GPIO_Label
Dma.USART1_RX.1.PeriphInc=DMA_PINC_DISABLE
PB5.GPIO_Label=LED1
Dma.Request1=USART1_RX
RCC.APB1TimFreq_Value=4194000
PB10.GPIOParameters=GPIO_Label
Dma.USART1_RX.1.Priority=DMA_PRIORITY_LOW
Dma.Request0=USART1_TX
PA4.GPIO_Label=SX1262_NSS
ProjectManager.CustomerFirmwarePackage=
RCC.MSIClockRange=RCC_MSIRANGE_6
NVIC.EXTI4_15_IRQn=true\:0\:0\:false\:false\:true\:false\:true\:true
RCC.LPTIMFreq_Value=4194000
PB15.Locked=true
PB3.Locked=true
PB4.Signal=GPIO_Output
PA3.Signal=GPIO_Input
PA5.Mode=Full_Duplex_Master
RCC.TIMFreq_Value=4194000
PA2.Locked=true
PB3.GPIO_Label=AUX_3
PA6.GPIOParameters=GPIO_Label
RCC.MSI_VALUE=4194000
PB7.GPIO_PuPd=GPIO_PULLUP
Dma.USART1_RX.1.Instance=DMA1_Channel3
ProjectManager.ProjectFileName=LoRa USB Stick.ioc
Dma.USART1_RX.1.MemDataAlignment=DMA_MDATAALIGN_BYTE
FREERTOS.Tasks01=CoreTask,0,128,StartTaskCore,Default,NULL,Static,CoreTaskBuffer,CoreTaskControlBlock;RFTask,0,200,StartRfTask,Default,NULL,Static,RFTaskBuffer,RFTaskControlBlock
Dma.USART1_TX.0.MemInc=DMA_MINC_ENABLE
PA7.Mode=Full_Duplex_Master
PB9.GPIO_Label=AUX_1
Dma.USART1_TX.0.PeriphInc=DMA_PINC_DISABLE
PA10.Mode=Asynchronous
Mcu.PinsNb=29
ProjectManager.NoMain=false
SPI1.IPParameters=VirtualType,Mode,Direction,CalculateBaudRate
NVIC.SavedSvcallIrqHandlerGenerated=true
RCC.LPUARTFreq_Value=4194000
PB6.GPIO_PuPd=GPIO_PULLUP
TIM6.Prescaler=2000
VP_TIM6_VS_ClockSourceINT.Mode=Enable_Timer
PB11.GPIO_Label=RF_SWITCH
ProjectManager.DefaultFWLocation=true
ProjectManager.DeletePrevious=true
PB14.Locked=true
PB10.Locked=true
RCC.TimerFreq_Value=4194000
PA12.GPIO_Label=AUX_4
RCC.FamilyName=M
VP_TIM6_VS_OPM.Signal=TIM6_VS_OPM
NVIC.TIM6_IRQn=true\:0\:0\:false\:false\:true\:true\:true\:true
PB9.GPIOParameters=GPIO_Label
RCC.WatchDogFreq_Value=37000
SH.GPXTI6.0=GPIO_EXTI6
VP_TIM6_VS_ClockSourceINT.Signal=TIM6_VS_ClockSourceINT
USART1.VirtualMode-Asynchronous=VM_ASYNC
PA13.Signal=SYS_SWDIO
SH.GPXTI6.ConfNb=1
RCC.HSI16_VALUE=16000000
VP_FREERTOS_VS_CMSIS_V1.Signal=FREERTOS_VS_CMSIS_V1
PA9.Mode=Asynchronous
PA8.GPIO_Label=SX1262_RF_SWITCH
TIM6.IPParameters=Prescaler,Period
SH.GPXTI2.ConfNb=1
ProjectManager.TargetToolchain=TrueSTUDIO
Dma.USART1_RX.1.RequestParameters=Instance,Direction,PeriphInc,MemInc,PeriphDataAlignment,MemDataAlignment,Mode,Priority
PB10.GPIO_Label=SX1262_BUSY
PB7.GPIOParameters=GPIO_PuPd,GPIO_Label,GPIO_ModeDefaultEXTI
PB2.GPIOParameters=GPIO_Label,GPIO_ModeDefaultEXTI
PA9.Signal=USART1_TX
PB11.GPIOParameters=GPIO_Label
PB5.Locked=true
PB9.Locked=true
Dma.USART1_TX.0.RequestParameters=Instance,Direction,PeriphInc,MemInc,PeriphDataAlignment,MemDataAlignment,Mode,Priority
ProjectManager.RegisterCallBack=
RCC.LSE_VALUE=32768
PB1.Locked=true
PB10.Signal=GPIO_Input
PB14.Signal=GPIO_Output
PA5.Signal=SPI1_SCK
FREERTOS.MEMORY_ALLOCATION=2
RCC.MCOPinFreq_Value=4194000
Dma.USART1_TX.0.Mode=DMA_CIRCULAR
board=custom
RCC.VCOOutputFreq_Value=48000000
ProjectManager.LastFirmware=true
NVIC.EXTI2_3_IRQn=true\:0\:0\:false\:false\:true\:true\:true\:true
NVIC.SavedSystickIrqHandlerGenerated=true
RCC.APB2Freq_Value=4194000
MxCube.Version=6.0.0
PB4.GPIO_Label=AUX_2
PB15.GPIO_Label=LED_GREEN
RCC.I2C1Freq_Value=4194000
SPI1.Mode=SPI_MODE_MASTER
VP_SYS_VS_Systick.Mode=SysTick
PA9.Locked=true
NVIC.NonMaskableInt_IRQn=true\:0\:0\:false\:false\:true\:false\:false\:false
PA4.GPIOParameters=GPIO_Label
PB15.GPIOParameters=GPIO_Label
PA13.Mode=Serial_Wire
ProjectManager.FreePins=true
RCC.IPParameters=AHBFreq_Value,APB1Freq_Value,APB1TimFreq_Value,APB2Freq_Value,APB2TimFreq_Value,FCLKCortexFreq_Value,FamilyName,HCLKFreq_Value,HSE_VALUE,HSI16_VALUE,HSI_VALUE,I2C1Freq_Value,I2C3Freq_Value,LPTIMFreq_Value,LPUARTFreq_Value,LSE_VALUE,LSI_VALUE,MCOPinFreq_Value,MSIClockRange,MSI_VALUE,PLLCLKFreq_Value,PWRFreq_Value,RTCFreq_Value,RTCHSEDivFreq_Value,SYSCLKFreq_VALUE,TIMFreq_Value,TimerFreq_Value,USART1Freq_Value,USART2Freq_Value,VCOOutputFreq_Value,WatchDogFreq_Value
ProjectManager.AskForMigrate=true
Mcu.Name=STM32L071C(B-Z)Tx
Mcu.Pin26=VP_SYS_VS_Systick
Mcu.Pin27=VP_TIM6_VS_ClockSourceINT
NVIC.SavedPendsvIrqHandlerGenerated=true
RCC.RTCHSEDivFreq_Value=4000000
PA2.Signal=GPIO_Input
Mcu.Pin24=PB9
ProjectManager.UnderRoot=true
Mcu.Pin25=VP_FREERTOS_VS_CMSIS_V1
PB2.Locked=true
Mcu.Pin28=VP_TIM6_VS_OPM
Mcu.IP6=TIM6
Mcu.IP7=USART1
ProjectManager.CoupleFile=true
PB4.Locked=true
PB3.Signal=GPIO_Output
PA4.Signal=GPIO_Output
RCC.SYSCLKFreq_VALUE=4194000
Mcu.Pin22=PB6
PB5.Signal=GPIO_Output
Mcu.Pin23=PB7
PA7.GPIO_Label=SX1262_MOSI
Mcu.Pin20=PB4
PA3.Locked=true
Mcu.Pin21=PB5
PA5.GPIO_Label=SX1262_SCK
PA10.Locked=true
NVIC.ForceEnableDMAVector=false
KeepUserPlacement=false
PA13.Locked=true
ProjectManager.CompilerOptimize=6
Dma.USART1_TX.0.MemDataAlignment=DMA_MDATAALIGN_BYTE
PA14.Signal=SYS_SWCLK
PB2.GPIO_Label=SX1262_DIO1
ProjectManager.HeapSize=0x200
Mcu.Pin15=PA10
NVIC.HardFault_IRQn=true\:0\:0\:false\:false\:true\:false\:false\:false
Mcu.Pin16=PA12
Mcu.Pin13=PA8
Mcu.Pin14=PA9
Mcu.Pin19=PB3
ProjectManager.ComputerToolchain=false
Mcu.Pin17=PA13
FREERTOS.Timers01=TimerLED,Callback_LED,osTimerPeriodic,As weak,NULL,Static,TimerLEDControlBlock;TimerButton,CallbackButtonCheck,osTimerOnce,As weak,NULL,Static,TimerButtonControlBlock;TimerSystemLED,CallbackSystemLED,osTimerOnce,As weak,NULL,Static,TimerSystemLEDControlBlock
RCC.HSI_VALUE=16000000
Mcu.Pin18=PA14
Mcu.Pin11=PB14
Mcu.Pin12=PB15
Mcu.Pin10=PB13
PB7.Locked=true
RCC.PWRFreq_Value=4194000
Dma.USART1_RX.1.Direction=DMA_PERIPH_TO_MEMORY
RCC.APB1Freq_Value=4194000
PA7.GPIOParameters=GPIO_Label
PB11.Locked=true
ProjectManager.DeviceId=STM32L071CBTx
ProjectManager.LibraryCopy=1
PA3.GPIO_Label=AUX_7
PB1.GPIOParameters=GPIO_Label
PA7.Signal=SPI1_MOSI
PA6.Locked=true
